
Microsoft Visual Studio Solution File, Format Version 12.00
# Visual Studio 15
VisualStudioVersion = 15.0.28307.421
MinimumVisualStudioVersion = 10.0.40219.1
Project("{9A19103F-16F7-4668-BE54-9A1E7A4F7556}") = "HeartsAndMinds", "HeartsAndMinds.csproj", "{37D7F345-591B-482E-A9BC-E74B197F80D6}"
EndProject
Global
	GlobalSection(SolutionConfigurationPlatforms) = preSolution
		Debug|Any CPU = Debug|Any CPU
		Release|Any CPU = Release|Any CPU
	EndGlobalSection
	GlobalSection(ProjectConfigurationPlatforms) = postSolution
		{37D7F345-591B-482E-A9BC-E74B197F80D6}.Debug|Any CPU.ActiveCfg = Debug|Any CPU
		{37D7F345-591B-482E-A9BC-E74B197F80D6}.Debug|Any CPU.Build.0 = Debug|Any CPU
		{37D7F345-591B-482E-A9BC-E74B197F80D6}.Release|Any CPU.ActiveCfg = Release|Any CPU
		{37D7F345-591B-482E-A9BC-E74B197F80D6}.Release|Any CPU.Build.0 = Release|Any CPU
	EndGlobalSection
	GlobalSection(SolutionProperties) = preSolution
		HideSolutionNode = FALSE
	EndGlobalSection
	GlobalSection(ExtensibilityGlobals) = postSolution
		SolutionGuid = {48D20591-6A2E-4151-8F10-1A67EBDEC123}
	EndGlobalSection
EndGlobal
